
Microsoft Visual Studio Solution File, Format Version 12.00
# Visual Studio Version 16
VisualStudioVersion = 16.0.30711.63
MinimumVisualStudioVersion = 10.0.40219.1
Project("{9A19103F-16F7-4668-BE54-9A1E7A4F7556}") = "Webapp", "Webapp\Webapp.csproj", "{ADC3157A-0A4B-4FA3-8A7F-CDD52F2DBD6D}"
EndProject
Global
	GlobalSection(SolutionConfigurationPlatforms) = preSolution
		Debug|Any CPU = Debug|Any CPU
		Release|Any CPU = Release|Any CPU
	EndGlobalSection
	GlobalSection(ProjectConfigurationPlatforms) = postSolution
		{ADC3157A-0A4B-4FA3-8A7F-CDD52F2DBD6D}.Debug|Any CPU.ActiveCfg = Debug|Any CPU
		{ADC3157A-0A4B-4FA3-8A7F-CDD52F2DBD6D}.Debug|Any CPU.Build.0 = Debug|Any CPU
		{ADC3157A-0A4B-4FA3-8A7F-CDD52F2DBD6D}.Release|Any CPU.ActiveCfg = Release|Any CPU
		{ADC3157A-0A4B-4FA3-8A7F-CDD52F2DBD6D}.Release|Any CPU.Build.0 = Release|Any CPU
	EndGlobalSection
	GlobalSection(SolutionProperties) = preSolution
		HideSolutionNode = FALSE
	EndGlobalSection
	GlobalSection(ExtensibilityGlobals) = postSolution
		SolutionGuid = {758F61C8-470B-4B72-A322-268137536935}
	EndGlobalSection
EndGlobal
